
Microsoft Visual Studio Solution File, Format Version 12.00
# Visual Studio Version 17
VisualStudioVersion = 17.6.33723.286
MinimumVisualStudioVersion = 10.0.40219.1
Project("{FAE04EC0-301F-11D3-BF4B-00C04F79EFBC}") = "ParanaBanco.TesteBackend.API", "ParanaBanco.TesteBackend.API\ParanaBanco.TesteBackend.API.csproj", "{7C715FBF-FAD8-4074-AF7D-6ADD57CFD683}"
EndProject
Project("{FAE04EC0-301F-11D3-BF4B-00C04F79EFBC}") = "ParanaBanco.TesteBackend.Domain", "ParanaBanco.TesteBackend.Domain\ParanaBanco.TesteBackend.Domain.csproj", "{9AD969E4-A9AB-4530-BAED-74B7E687F850}"
EndProject
Project("{FAE04EC0-301F-11D3-BF4B-00C04F79EFBC}") = "ParanaBanco.TesteBackend.Data", "ParanaBanco.TesteBackend.Data\ParanaBanco.TesteBackend.Data.csproj", "{7EA2A9F2-C624-49EE-A63B-2A33EF2DE115}"
EndProject
Project("{FAE04EC0-301F-11D3-BF4B-00C04F79EFBC}") = "ParanaBanco.TesteBackend.Application", "ParanaBanco.TesteBackend.Application\ParanaBanco.TesteBackend.Application.csproj", "{22C95803-571F-4605-B1C5-97A91BFDF6BF}"
EndProject
Project("{FAE04EC0-301F-11D3-BF4B-00C04F79EFBC}") = "ParanaBanco.TesteBackend.IOC", "ParanaBanco.TesteBackend.IOC\ParanaBanco.TesteBackend.IOC.csproj", "{AC0F65C3-529B-4646-82C0-7F4A2541D93B}"
EndProject
Project("{FAE04EC0-301F-11D3-BF4B-00C04F79EFBC}") = "ParanaBanco.TesteBackend.Domain.Tests", "ParanaBanco.TesteBackend.Domain.Tests\ParanaBanco.TesteBackend.Domain.Tests.csproj", "{0D59B6EA-A6E2-4EDC-8979-A7259E53FF05}"
EndProject
Global
	GlobalSection(SolutionConfigurationPlatforms) = preSolution
		Debug|Any CPU = Debug|Any CPU
		Release|Any CPU = Release|Any CPU
	EndGlobalSection
	GlobalSection(ProjectConfigurationPlatforms) = postSolution
		{7C715FBF-FAD8-4074-AF7D-6ADD57CFD683}.Debug|Any CPU.ActiveCfg = Debug|Any CPU
		{7C715FBF-FAD8-4074-AF7D-6ADD57CFD683}.Debug|Any CPU.Build.0 = Debug|Any CPU
		{7C715FBF-FAD8-4074-AF7D-6ADD57CFD683}.Release|Any CPU.ActiveCfg = Release|Any CPU
		{7C715FBF-FAD8-4074-AF7D-6ADD57CFD683}.Release|Any CPU.Build.0 = Release|Any CPU
		{9AD969E4-A9AB-4530-BAED-74B7E687F850}.Debug|Any CPU.ActiveCfg = Debug|Any CPU
		{9AD969E4-A9AB-4530-BAED-74B7E687F850}.Debug|Any CPU.Build.0 = Debug|Any CPU
		{9AD969E4-A9AB-4530-BAED-74B7E687F850}.Release|Any CPU.ActiveCfg = Release|Any CPU
		{9AD969E4-A9AB-4530-BAED-74B7E687F850}.Release|Any CPU.Build.0 = Release|Any CPU
		{7EA2A9F2-C624-49EE-A63B-2A33EF2DE115}.Debug|Any CPU.ActiveCfg = Debug|Any CPU
		{7EA2A9F2-C624-49EE-A63B-2A33EF2DE115}.Debug|Any CPU.Build.0 = Debug|Any CPU
		{7EA2A9F2-C624-49EE-A63B-2A33EF2DE115}.Release|Any CPU.ActiveCfg = Release|Any CPU
		{7EA2A9F2-C624-49EE-A63B-2A33EF2DE115}.Release|Any CPU.Build.0 = Release|Any CPU
		{22C95803-571F-4605-B1C5-97A91BFDF6BF}.Debug|Any CPU.ActiveCfg = Debug|Any CPU
		{22C95803-571F-4605-B1C5-97A91BFDF6BF}.Debug|Any CPU.Build.0 = Debug|Any CPU
		{22C95803-571F-4605-B1C5-97A91BFDF6BF}.Release|Any CPU.ActiveCfg = Release|Any CPU
		{22C95803-571F-4605-B1C5-97A91BFDF6BF}.Release|Any CPU.Build.0 = Release|Any CPU
		{AC0F65C3-529B-4646-82C0-7F4A2541D93B}.Debug|Any CPU.ActiveCfg = Debug|Any CPU
		{AC0F65C3-529B-4646-82C0-7F4A2541D93B}.Debug|Any CPU.Build.0 = Debug|Any CPU
		{AC0F65C3-529B-4646-82C0-7F4A2541D93B}.Release|Any CPU.ActiveCfg = Release|Any CPU
		{AC0F65C3-529B-4646-82C0-7F4A2541D93B}.Release|Any CPU.Build.0 = Release|Any CPU
		{0D59B6EA-A6E2-4EDC-8979-A7259E53FF05}.Debug|Any CPU.ActiveCfg = Debug|Any CPU
		{0D59B6EA-A6E2-4EDC-8979-A7259E53FF05}.Debug|Any CPU.Build.0 = Debug|Any CPU
		{0D59B6EA-A6E2-4EDC-8979-A7259E53FF05}.Release|Any CPU.ActiveCfg = Release|Any CPU
		{0D59B6EA-A6E2-4EDC-8979-A7259E53FF05}.Release|Any CPU.Build.0 = Release|Any CPU
	EndGlobalSection
	GlobalSection(SolutionProperties) = preSolution
		HideSolutionNode = FALSE
	EndGlobalSection
	GlobalSection(ExtensibilityGlobals) = postSolution
		SolutionGuid = {22AE7A8A-8BFD-42AD-B596-4A9E56F4CCC4}
	EndGlobalSection
EndGlobal
